
Microsoft Visual Studio Solution File, Format Version 12.00
# Visual Studio 14
VisualStudioVersion = 14.0.25420.1
MinimumVisualStudioVersion = 10.0.40219.1
Project("{FAE04EC0-301F-11D3-BF4B-00C04F79EFBC}") = "SalaryCalculatorWeb", "SalaryCalculatorWeb\SalaryCalculatorWeb.csproj", "{826DC2D2-572C-4D9C-9034-C8A401F3A00E}"
EndProject
Project("{FAE04EC0-301F-11D3-BF4B-00C04F79EFBC}") = "SalaryCalculatorWeb.Tests", "SalaryCalculatorWeb.Tests\SalaryCalculatorWeb.Tests.csproj", "{C263D4F6-77BB-4AEC-BC14-EBC91AC88F69}"
EndProject
Project("{FAE04EC0-301F-11D3-BF4B-00C04F79EFBC}") = "SalaryCalculator.Data", "SalaryCalculator.Data\SalaryCalculator.Data.csproj", "{EC987265-7F76-4B0C-B210-C1FF9662F10A}"
EndProject
Project("{FAE04EC0-301F-11D3-BF4B-00C04F79EFBC}") = "SalaryCalculator.Data.Models", "SalaryCalculator.Data.Models\SalaryCalculator.Data.Models.csproj", "{83EE4BBD-2549-475C-A53B-100CDB9D5050}"
EndProject
Project("{FAE04EC0-301F-11D3-BF4B-00C04F79EFBC}") = "SalaryCalculator.Data.Services", "SalaryCalculator.Data.Services\SalaryCalculator.Data.Services.csproj", "{05F71FBC-ADCF-408F-9046-8E3CF74D5FE9}"
EndProject
Project("{FAE04EC0-301F-11D3-BF4B-00C04F79EFBC}") = "SalaryCalculator.Utilities", "SalaryCalculator.Utilities\SalaryCalculator.Utilities.csproj", "{F7888CBC-3AF2-4323-9D36-FC5B0CA313DD}"
EndProject
Project("{FAE04EC0-301F-11D3-BF4B-00C04F79EFBC}") = "SalaryCalculator.Configuration", "SalaryCalculator.Configuration\SalaryCalculator.Configuration.csproj", "{136B7D59-06D4-474D-BF10-322403A1674F}"
EndProject
Global
	GlobalSection(SolutionConfigurationPlatforms) = preSolution
		Debug|Any CPU = Debug|Any CPU
		Release|Any CPU = Release|Any CPU
	EndGlobalSection
	GlobalSection(ProjectConfigurationPlatforms) = postSolution
		{826DC2D2-572C-4D9C-9034-C8A401F3A00E}.Debug|Any CPU.ActiveCfg = Debug|Any CPU
		{826DC2D2-572C-4D9C-9034-C8A401F3A00E}.Debug|Any CPU.Build.0 = Debug|Any CPU
		{826DC2D2-572C-4D9C-9034-C8A401F3A00E}.Release|Any CPU.ActiveCfg = Release|Any CPU
		{826DC2D2-572C-4D9C-9034-C8A401F3A00E}.Release|Any CPU.Build.0 = Release|Any CPU
		{C263D4F6-77BB-4AEC-BC14-EBC91AC88F69}.Debug|Any CPU.ActiveCfg = Debug|Any CPU
		{C263D4F6-77BB-4AEC-BC14-EBC91AC88F69}.Debug|Any CPU.Build.0 = Debug|Any CPU
		{C263D4F6-77BB-4AEC-BC14-EBC91AC88F69}.Release|Any CPU.ActiveCfg = Release|Any CPU
		{C263D4F6-77BB-4AEC-BC14-EBC91AC88F69}.Release|Any CPU.Build.0 = Release|Any CPU
		{EC987265-7F76-4B0C-B210-C1FF9662F10A}.Debug|Any CPU.ActiveCfg = Debug|Any CPU
		{EC987265-7F76-4B0C-B210-C1FF9662F10A}.Debug|Any CPU.Build.0 = Debug|Any CPU
		{EC987265-7F76-4B0C-B210-C1FF9662F10A}.Release|Any CPU.ActiveCfg = Release|Any CPU
		{EC987265-7F76-4B0C-B210-C1FF9662F10A}.Release|Any CPU.Build.0 = Release|Any CPU
		{83EE4BBD-2549-475C-A53B-100CDB9D5050}.Debug|Any CPU.ActiveCfg = Debug|Any CPU
		{83EE4BBD-2549-475C-A53B-100CDB9D5050}.Debug|Any CPU.Build.0 = Debug|Any CPU
		{83EE4BBD-2549-475C-A53B-100CDB9D5050}.Release|Any CPU.ActiveCfg = Release|Any CPU
		{83EE4BBD-2549-475C-A53B-100CDB9D5050}.Release|Any CPU.Build.0 = Release|Any CPU
		{05F71FBC-ADCF-408F-9046-8E3CF74D5FE9}.Debug|Any CPU.ActiveCfg = Debug|Any CPU
		{05F71FBC-ADCF-408F-9046-8E3CF74D5FE9}.Debug|Any CPU.Build.0 = Debug|Any CPU
		{05F71FBC-ADCF-408F-9046-8E3CF74D5FE9}.Release|Any CPU.ActiveCfg = Release|Any CPU
		{05F71FBC-ADCF-408F-9046-8E3CF74D5FE9}.Release|Any CPU.Build.0 = Release|Any CPU
		{F7888CBC-3AF2-4323-9D36-FC5B0CA313DD}.Debug|Any CPU.ActiveCfg = Debug|Any CPU
		{F7888CBC-3AF2-4323-9D36-FC5B0CA313DD}.Debug|Any CPU.Build.0 = Debug|Any CPU
		{F7888CBC-3AF2-4323-9D36-FC5B0CA313DD}.Release|Any CPU.ActiveCfg = Release|Any CPU
		{F7888CBC-3AF2-4323-9D36-FC5B0CA313DD}.Release|Any CPU.Build.0 = Release|Any CPU
		{136B7D59-06D4-474D-BF10-322403A1674F}.Debug|Any CPU.ActiveCfg = Debug|Any CPU
		{136B7D59-06D4-474D-BF10-322403A1674F}.Debug|Any CPU.Build.0 = Debug|Any CPU
		{136B7D59-06D4-474D-BF10-322403A1674F}.Release|Any CPU.ActiveCfg = Release|Any CPU
		{136B7D59-06D4-474D-BF10-322403A1674F}.Release|Any CPU.Build.0 = Release|Any CPU
	EndGlobalSection
	GlobalSection(SolutionProperties) = preSolution
		HideSolutionNode = FALSE
	EndGlobalSection
EndGlobal
